
Microsoft Visual Studio Solution File, Format Version 11.00
# Visual Studio 2010
Project("{FAE04EC0-301F-11D3-BF4B-00C04F79EFBC}") = "KX3_CHATTERBOX", "KX3_CHATTERBOX\KX3_CHATTERBOX.csproj", "{BE5FF318-4D30-430C-864B-0357364B6CA7}"
EndProject
Global
	GlobalSection(SolutionConfigurationPlatforms) = preSolution
		Debug|x86 = Debug|x86
		Release|x86 = Release|x86
	EndGlobalSection
	GlobalSection(ProjectConfigurationPlatforms) = postSolution
		{BE5FF318-4D30-430C-864B-0357364B6CA7}.Debug|x86.ActiveCfg = Debug|x86
		{BE5FF318-4D30-430C-864B-0357364B6CA7}.Debug|x86.Build.0 = Debug|x86
		{BE5FF318-4D30-430C-864B-0357364B6CA7}.Release|x86.ActiveCfg = Release|x86
		{BE5FF318-4D30-430C-864B-0357364B6CA7}.Release|x86.Build.0 = Release|x86
	EndGlobalSection
	GlobalSection(SolutionProperties) = preSolution
		HideSolutionNode = FALSE
	EndGlobalSection
EndGlobal
